
Microsoft Visual Studio Solution File, Format Version 12.00
# Visual Studio Version 16
VisualStudioVersion = 16.0.31205.134
MinimumVisualStudioVersion = 10.0.40219.1
Project("{FAE04EC0-301F-11D3-BF4B-00C04F79EFBC}") = "CQRS.API", "CQRS.API\CQRS.API.csproj", "{E5699970-1218-4330-982E-7B55A0A2C2A4}"
EndProject
Project("{FAE04EC0-301F-11D3-BF4B-00C04F79EFBC}") = "CQRS.Application", "CQRS.Application\CQRS.Application.csproj", "{6E76E37D-85D7-4302-9738-B63FD0B9C1F7}"
EndProject
Project("{FAE04EC0-301F-11D3-BF4B-00C04F79EFBC}") = "CQRS.Domain", "CQRS.Domain\CQRS.Domain.csproj", "{696341E6-1655-4C3F-9FC9-07FAE89F228F}"
EndProject
Project("{FAE04EC0-301F-11D3-BF4B-00C04F79EFBC}") = "CQRS.Infrastructure", "CQRS.Infrastructure\CQRS.Infrastructure.csproj", "{1B61D2F5-5A55-4931-A8DB-B570B6795439}"
EndProject
Global
	GlobalSection(SolutionConfigurationPlatforms) = preSolution
		Debug|Any CPU = Debug|Any CPU
		Release|Any CPU = Release|Any CPU
	EndGlobalSection
	GlobalSection(ProjectConfigurationPlatforms) = postSolution
		{E5699970-1218-4330-982E-7B55A0A2C2A4}.Debug|Any CPU.ActiveCfg = Debug|Any CPU
		{E5699970-1218-4330-982E-7B55A0A2C2A4}.Debug|Any CPU.Build.0 = Debug|Any CPU
		{E5699970-1218-4330-982E-7B55A0A2C2A4}.Release|Any CPU.ActiveCfg = Release|Any CPU
		{E5699970-1218-4330-982E-7B55A0A2C2A4}.Release|Any CPU.Build.0 = Release|Any CPU
		{6E76E37D-85D7-4302-9738-B63FD0B9C1F7}.Debug|Any CPU.ActiveCfg = Debug|Any CPU
		{6E76E37D-85D7-4302-9738-B63FD0B9C1F7}.Debug|Any CPU.Build.0 = Debug|Any CPU
		{6E76E37D-85D7-4302-9738-B63FD0B9C1F7}.Release|Any CPU.ActiveCfg = Release|Any CPU
		{6E76E37D-85D7-4302-9738-B63FD0B9C1F7}.Release|Any CPU.Build.0 = Release|Any CPU
		{696341E6-1655-4C3F-9FC9-07FAE89F228F}.Debug|Any CPU.ActiveCfg = Debug|Any CPU
		{696341E6-1655-4C3F-9FC9-07FAE89F228F}.Debug|Any CPU.Build.0 = Debug|Any CPU
		{696341E6-1655-4C3F-9FC9-07FAE89F228F}.Release|Any CPU.ActiveCfg = Release|Any CPU
		{696341E6-1655-4C3F-9FC9-07FAE89F228F}.Release|Any CPU.Build.0 = Release|Any CPU
		{1B61D2F5-5A55-4931-A8DB-B570B6795439}.Debug|Any CPU.ActiveCfg = Debug|Any CPU
		{1B61D2F5-5A55-4931-A8DB-B570B6795439}.Debug|Any CPU.Build.0 = Debug|Any CPU
		{1B61D2F5-5A55-4931-A8DB-B570B6795439}.Release|Any CPU.ActiveCfg = Release|Any CPU
		{1B61D2F5-5A55-4931-A8DB-B570B6795439}.Release|Any CPU.Build.0 = Release|Any CPU
	EndGlobalSection
	GlobalSection(SolutionProperties) = preSolution
		HideSolutionNode = FALSE
	EndGlobalSection
	GlobalSection(ExtensibilityGlobals) = postSolution
		SolutionGuid = {875FE7D7-B111-466E-A8F6-3F16E52FE596}
	EndGlobalSection
EndGlobal
