
Microsoft Visual Studio Solution File, Format Version 12.00
# Visual Studio Version 16
VisualStudioVersion = 16.0.29613.14
MinimumVisualStudioVersion = 10.0.40219.1
Project("{9A19103F-16F7-4668-BE54-9A1E7A4F7556}") = "CQRS.API", "CQRS.API\CQRS.API.csproj", "{AA252C06-4EAB-43D4-AE8A-8A3902F96D6F}"
EndProject
Project("{9A19103F-16F7-4668-BE54-9A1E7A4F7556}") = "CQRS.Application", "CQRS.Application\CQRS.Application.csproj", "{003DA2AF-67E6-447D-8DC6-52CDC08CC30B}"
EndProject
Project("{9A19103F-16F7-4668-BE54-9A1E7A4F7556}") = "CQRS.Domain", "CQRS.Domain\CQRS.Domain.csproj", "{04007419-46ED-4637-99E4-6937CBCE4B3B}"
EndProject
Project("{9A19103F-16F7-4668-BE54-9A1E7A4F7556}") = "CQRS.Infrastructure", "CQRS.Infrastructure\CQRS.Infrastructure.csproj", "{D91E37CB-A474-4D3F-AF10-052CADC446D6}"
EndProject
Project("{9A19103F-16F7-4668-BE54-9A1E7A4F7556}") = "CQRS.IntegrationTests", "Tests\CQRS.IntegrationTests\CQRS.IntegrationTests.csproj", "{BD0878E0-641B-4CFD-A788-71D62843896B}"
EndProject
Project("{9A19103F-16F7-4668-BE54-9A1E7A4F7556}") = "CQRS.UnitTests", "Tests\CQRS.UnitTests\CQRS.UnitTests.csproj", "{6D9A4066-20EA-49DF-8A47-048DAB086483}"
EndProject
Global
	GlobalSection(SolutionConfigurationPlatforms) = preSolution
		Debug|Any CPU = Debug|Any CPU
		Release|Any CPU = Release|Any CPU
	EndGlobalSection
	GlobalSection(ProjectConfigurationPlatforms) = postSolution
		{AA252C06-4EAB-43D4-AE8A-8A3902F96D6F}.Debug|Any CPU.ActiveCfg = Debug|Any CPU
		{AA252C06-4EAB-43D4-AE8A-8A3902F96D6F}.Debug|Any CPU.Build.0 = Debug|Any CPU
		{AA252C06-4EAB-43D4-AE8A-8A3902F96D6F}.Release|Any CPU.ActiveCfg = Release|Any CPU
		{AA252C06-4EAB-43D4-AE8A-8A3902F96D6F}.Release|Any CPU.Build.0 = Release|Any CPU
		{003DA2AF-67E6-447D-8DC6-52CDC08CC30B}.Debug|Any CPU.ActiveCfg = Debug|Any CPU
		{003DA2AF-67E6-447D-8DC6-52CDC08CC30B}.Debug|Any CPU.Build.0 = Debug|Any CPU
		{003DA2AF-67E6-447D-8DC6-52CDC08CC30B}.Release|Any CPU.ActiveCfg = Release|Any CPU
		{003DA2AF-67E6-447D-8DC6-52CDC08CC30B}.Release|Any CPU.Build.0 = Release|Any CPU
		{04007419-46ED-4637-99E4-6937CBCE4B3B}.Debug|Any CPU.ActiveCfg = Debug|Any CPU
		{04007419-46ED-4637-99E4-6937CBCE4B3B}.Debug|Any CPU.Build.0 = Debug|Any CPU
		{04007419-46ED-4637-99E4-6937CBCE4B3B}.Release|Any CPU.ActiveCfg = Release|Any CPU
		{04007419-46ED-4637-99E4-6937CBCE4B3B}.Release|Any CPU.Build.0 = Release|Any CPU
		{D91E37CB-A474-4D3F-AF10-052CADC446D6}.Debug|Any CPU.ActiveCfg = Debug|Any CPU
		{D91E37CB-A474-4D3F-AF10-052CADC446D6}.Debug|Any CPU.Build.0 = Debug|Any CPU
		{D91E37CB-A474-4D3F-AF10-052CADC446D6}.Release|Any CPU.ActiveCfg = Release|Any CPU
		{D91E37CB-A474-4D3F-AF10-052CADC446D6}.Release|Any CPU.Build.0 = Release|Any CPU
		{BD0878E0-641B-4CFD-A788-71D62843896B}.Debug|Any CPU.ActiveCfg = Debug|Any CPU
		{BD0878E0-641B-4CFD-A788-71D62843896B}.Debug|Any CPU.Build.0 = Debug|Any CPU
		{BD0878E0-641B-4CFD-A788-71D62843896B}.Release|Any CPU.ActiveCfg = Release|Any CPU
		{BD0878E0-641B-4CFD-A788-71D62843896B}.Release|Any CPU.Build.0 = Release|Any CPU
		{6D9A4066-20EA-49DF-8A47-048DAB086483}.Debug|Any CPU.ActiveCfg = Debug|Any CPU
		{6D9A4066-20EA-49DF-8A47-048DAB086483}.Debug|Any CPU.Build.0 = Debug|Any CPU
		{6D9A4066-20EA-49DF-8A47-048DAB086483}.Release|Any CPU.ActiveCfg = Release|Any CPU
		{6D9A4066-20EA-49DF-8A47-048DAB086483}.Release|Any CPU.Build.0 = Release|Any CPU
	EndGlobalSection
	GlobalSection(SolutionProperties) = preSolution
		HideSolutionNode = FALSE
	EndGlobalSection
	GlobalSection(ExtensibilityGlobals) = postSolution
		SolutionGuid = {27D41011-C116-4205-9972-86B7B0D4846D}
	EndGlobalSection
EndGlobal
